// !$*UTF8*$!
{
	archiveVersion = 1;
	classes = {
	};
	objectVersion = 56;
	objects = {

/* Begin PBXBuildFile section */
		028D532029F30BD1000A8656 /* main.swift in Sources */ = {isa = PBXBuildFile; fileRef = 028D531F29F30BD1000A8656 /* main.swift */; };
		02C3870529F3D722006D97D2 /* CalendarService.swift in Sources */ = {isa = PBXBuildFile; fileRef = 02C3870429F3D721006D97D2 /* CalendarService.swift */; };
		02C3870729F3D744006D97D2 /* RemindersService.swift in Sources */ = {isa = PBXBuildFile; fileRef = 02C3870629F3D744006D97D2 /* RemindersService.swift */; };
		02C3870929F3D7C6006D97D2 /* EventStoreService.swift in Sources */ = {isa = PBXBuildFile; fileRef = 02C3870829F3D7C6006D97D2 /* EventStoreService.swift */; };
		02C3870C29F425EE006D97D2 /* ArgumentParser in Frameworks */ = {isa = PBXBuildFile; productRef = 02C3870B29F425EE006D97D2 /* ArgumentParser */; };
		02C3871029F46853006D97D2 /* CLI.swift in Sources */ = {isa = PBXBuildFile; fileRef = 02C3870F29F46853006D97D2 /* CLI.swift */; };
		02C3871329F468E2006D97D2 /* Reka.swift in Sources */ = {isa = PBXBuildFile; fileRef = 02C3871229F468E2006D97D2 /* Reka.swift */; };
/* End PBXBuildFile section */

/* Begin PBXCopyFilesBuildPhase section */
		028D531A29F30BD1000A8656 /* CopyFiles */ = {
			isa = PBXCopyFilesBuildPhase;
			buildActionMask = 2147483647;
			dstPath = /usr/share/man/man1/;
			dstSubfolderSpec = 0;
			files = (
			);
			runOnlyForDeploymentPostprocessing = 1;
		};
/* End PBXCopyFilesBuildPhase section */

/* Begin PBXFileReference section */
		028D531C29F30BD1000A8656 /* reka */ = {isa = PBXFileReference; explicitFileType = "compiled.mach-o.executable"; includeInIndex = 0; path = reka; sourceTree = BUILT_PRODUCTS_DIR; };
		028D531F29F30BD1000A8656 /* main.swift */ = {isa = PBXFileReference; lastKnownFileType = sourcecode.swift; path = main.swift; sourceTree = "<group>"; };
		02C3870429F3D721006D97D2 /* CalendarService.swift */ = {isa = PBXFileReference; lastKnownFileType = sourcecode.swift; path = CalendarService.swift; sourceTree = "<group>"; };
		02C3870629F3D744006D97D2 /* RemindersService.swift */ = {isa = PBXFileReference; lastKnownFileType = sourcecode.swift; name = RemindersService.swift; path = service/RemindersService.swift; sourceTree = SOURCE_ROOT; };
		02C3870829F3D7C6006D97D2 /* EventStoreService.swift */ = {isa = PBXFileReference; lastKnownFileType = sourcecode.swift; name = EventStoreService.swift; path = service/EventStoreService.swift; sourceTree = SOURCE_ROOT; };
		02C3870F29F46853006D97D2 /* CLI.swift */ = {isa = PBXFileReference; lastKnownFileType = sourcecode.swift; path = CLI.swift; sourceTree = "<group>"; };
		02C3871229F468E2006D97D2 /* Reka.swift */ = {isa = PBXFileReference; lastKnownFileType = sourcecode.swift; path = Reka.swift; sourceTree = "<group>"; };
/* End PBXFileReference section */

/* Begin PBXFrameworksBuildPhase section */
		028D531929F30BD1000A8656 /* Frameworks */ = {
			isa = PBXFrameworksBuildPhase;
			buildActionMask = 2147483647;
			files = (
				02C3870C29F425EE006D97D2 /* ArgumentParser in Frameworks */,
			);
			runOnlyForDeploymentPostprocessing = 0;
		};
/* End PBXFrameworksBuildPhase section */

/* Begin PBXGroup section */
		028D531329F30BD1000A8656 = {
			isa = PBXGroup;
			children = (
				02C3871129F468CE006D97D2 /* app */,
				02C3870E29F4682F006D97D2 /* cmd */,
				02C3870D29F4678D006D97D2 /* service */,
				028D531E29F30BD1000A8656 /* reka */,
				028D531D29F30BD1000A8656 /* Products */,
			);
			sourceTree = "<group>";
		};
		028D531D29F30BD1000A8656 /* Products */ = {
			isa = PBXGroup;
			children = (
				028D531C29F30BD1000A8656 /* reka */,
			);
			name = Products;
			sourceTree = "<group>";
		};
		028D531E29F30BD1000A8656 /* reka */ = {
			isa = PBXGroup;
			children = (
				028D531F29F30BD1000A8656 /* main.swift */,
			);
			path = reka;
			sourceTree = "<group>";
		};
		02C3870D29F4678D006D97D2 /* service */ = {
			isa = PBXGroup;
			children = (
				02C3870829F3D7C6006D97D2 /* EventStoreService.swift */,
				02C3870629F3D744006D97D2 /* RemindersService.swift */,
				02C3870429F3D721006D97D2 /* CalendarService.swift */,
			);
			path = service;
			sourceTree = "<group>";
		};
		02C3870E29F4682F006D97D2 /* cmd */ = {
			isa = PBXGroup;
			children = (
				02C3870F29F46853006D97D2 /* CLI.swift */,
			);
			path = cmd;
			sourceTree = "<group>";
		};
		02C3871129F468CE006D97D2 /* app */ = {
			isa = PBXGroup;
			children = (
				02C3871229F468E2006D97D2 /* Reka.swift */,
			);
			path = app;
			sourceTree = "<group>";
		};
/* End PBXGroup section */

/* Begin PBXNativeTarget section */
		028D531B29F30BD1000A8656 /* reka */ = {
			isa = PBXNativeTarget;
			buildConfigurationList = 028D532329F30BD1000A8656 /* Build configuration list for PBXNativeTarget "reka" */;
			buildPhases = (
				028D531829F30BD1000A8656 /* Sources */,
				028D531929F30BD1000A8656 /* Frameworks */,
				028D531A29F30BD1000A8656 /* CopyFiles */,
			);
			buildRules = (
			);
			dependencies = (
			);
			name = reka;
			packageProductDependencies = (
				02C3870B29F425EE006D97D2 /* ArgumentParser */,
			);
			productName = reka;
			productReference = 028D531C29F30BD1000A8656 /* reka */;
			productType = "com.apple.product-type.tool";
		};
/* End PBXNativeTarget section */

/* Begin PBXProject section */
		028D531429F30BD1000A8656 /* Project object */ = {
			isa = PBXProject;
			attributes = {
				BuildIndependentTargetsInParallel = 1;
				LastSwiftUpdateCheck = 1410;
				LastUpgradeCheck = 1410;
				TargetAttributes = {
					028D531B29F30BD1000A8656 = {
						CreatedOnToolsVersion = 14.1;
					};
				};
			};
			buildConfigurationList = 028D531729F30BD1000A8656 /* Build configuration list for PBXProject "reka" */;
			compatibilityVersion = "Xcode 14.0";
			developmentRegion = en;
			hasScannedForEncodings = 0;
			knownRegions = (
				en,
				Base,
			);
			mainGroup = 028D531329F30BD1000A8656;
			packageReferences = (
				02C3870A29F425EE006D97D2 /* XCRemoteSwiftPackageReference "swift-argument-parser" */,
			);
			productRefGroup = 028D531D29F30BD1000A8656 /* Products */;
			projectDirPath = "";
			projectRoot = "";
			targets = (
				028D531B29F30BD1000A8656 /* reka */,
			);
		};
/* End PBXProject section */

/* Begin PBXSourcesBuildPhase section */
		028D531829F30BD1000A8656 /* Sources */ = {
			isa = PBXSourcesBuildPhase;
			buildActionMask = 2147483647;
			files = (
				02C3870529F3D722006D97D2 /* CalendarService.swift in Sources */,
				02C3870729F3D744006D97D2 /* RemindersService.swift in Sources */,
				02C3871029F46853006D97D2 /* CLI.swift in Sources */,
				02C3870929F3D7C6006D97D2 /* EventStoreService.swift in Sources */,
				02C3871329F468E2006D97D2 /* Reka.swift in Sources */,
				028D532029F30BD1000A8656 /* main.swift in Sources */,
			);
			runOnlyForDeploymentPostprocessing = 0;
		};
/* End PBXSourcesBuildPhase section */

/* Begin XCBuildConfiguration section */
		028D532129F30BD1000A8656 /* Debug */ = {
			isa = XCBuildConfiguration;
			buildSettings = {
				ALWAYS_SEARCH_USER_PATHS = NO;
				CLANG_ANALYZER_NONNULL = YES;
				CLANG_ANALYZER_NUMBER_OBJECT_CONVERSION = YES_AGGRESSIVE;
				CLANG_CXX_LANGUAGE_STANDARD = "gnu++20";
				CLANG_ENABLE_MODULES = YES;
				CLANG_ENABLE_OBJC_ARC = YES;
				CLANG_ENABLE_OBJC_WEAK = YES;
				CLANG_WARN_BLOCK_CAPTURE_AUTORELEASING = YES;
				CLANG_WARN_BOOL_CONVERSION = YES;
				CLANG_WARN_COMMA = YES;
				CLANG_WARN_CONSTANT_CONVERSION = YES;
				CLANG_WARN_DEPRECATED_OBJC_IMPLEMENTATIONS = YES;
				CLANG_WARN_DIRECT_OBJC_ISA_USAGE = YES_ERROR;
				CLANG_WARN_DOCUMENTATION_COMMENTS = YES;
				CLANG_WARN_EMPTY_BODY = YES;
				CLANG_WARN_ENUM_CONVERSION = YES;
				CLANG_WARN_INFINITE_RECURSION = YES;
				CLANG_WARN_INT_CONVERSION = YES;
				CLANG_WARN_NON_LITERAL_NULL_CONVERSION = YES;
				CLANG_WARN_OBJC_IMPLICIT_RETAIN_SELF = YES;
				CLANG_WARN_OBJC_LITERAL_CONVERSION = YES;
				CLANG_WARN_OBJC_ROOT_CLASS = YES_ERROR;
				CLANG_WARN_QUOTED_INCLUDE_IN_FRAMEWORK_HEADER = YES;
				CLANG_WARN_RANGE_LOOP_ANALYSIS = YES;
				CLANG_WARN_STRICT_PROTOTYPES = YES;
				CLANG_WARN_SUSPICIOUS_MOVE = YES;
				CLANG_WARN_UNGUARDED_AVAILABILITY = YES_AGGRESSIVE;
				CLANG_WARN_UNREACHABLE_CODE = YES;
				CLANG_WARN__DUPLICATE_METHOD_MATCH = YES;
				COPY_PHASE_STRIP = NO;
				DEBUG_INFORMATION_FORMAT = dwarf;
				ENABLE_STRICT_OBJC_MSGSEND = YES;
				ENABLE_TESTABILITY = YES;
				GCC_C_LANGUAGE_STANDARD = gnu11;
				GCC_DYNAMIC_NO_PIC = NO;
				GCC_NO_COMMON_BLOCKS = YES;
				GCC_OPTIMIZATION_LEVEL = 0;
				GCC_PREPROCESSOR_DEFINITIONS = (
					"DEBUG=1",
					"$(inherited)",
				);
				GCC_WARN_64_TO_32_BIT_CONVERSION = YES;
				GCC_WARN_ABOUT_RETURN_TYPE = YES_ERROR;
				GCC_WARN_UNDECLARED_SELECTOR = YES;
				GCC_WARN_UNINITIALIZED_AUTOS = YES_AGGRESSIVE;
				GCC_WARN_UNUSED_FUNCTION = YES;
				GCC_WARN_UNUSED_VARIABLE = YES;
				MACOSX_DEPLOYMENT_TARGET = 12.0;
				MTL_ENABLE_DEBUG_INFO = INCLUDE_SOURCE;
				MTL_FAST_MATH = YES;
				ONLY_ACTIVE_ARCH = YES;
				SDKROOT = macosx;
				SWIFT_ACTIVE_COMPILATION_CONDITIONS = DEBUG;
				SWIFT_OPTIMIZATION_LEVEL = "-Onone";
			};
			name = Debug;
		};
		028D532229F30BD1000A8656 /* Release */ = {
			isa = XCBuildConfiguration;
			buildSettings = {
				ALWAYS_SEARCH_USER_PATHS = NO;
				CLANG_ANALYZER_NONNULL = YES;
				CLANG_ANALYZER_NUMBER_OBJECT_CONVERSION = YES_AGGRESSIVE;
				CLANG_CXX_LANGUAGE_STANDARD = "gnu++20";
				CLANG_ENABLE_MODULES = YES;
				CLANG_ENABLE_OBJC_ARC = YES;
				CLANG_ENABLE_OBJC_WEAK = YES;
				CLANG_WARN_BLOCK_CAPTURE_AUTORELEASING = YES;
				CLANG_WARN_BOOL_CONVERSION = YES;
				CLANG_WARN_COMMA = YES;
				CLANG_WARN_CONSTANT_CONVERSION = YES;
				CLANG_WARN_DEPRECATED_OBJC_IMPLEMENTATIONS = YES;
				CLANG_WARN_DIRECT_OBJC_ISA_USAGE = YES_ERROR;
				CLANG_WARN_DOCUMENTATION_COMMENTS = YES;
				CLANG_WARN_EMPTY_BODY = YES;
				CLANG_WARN_ENUM_CONVERSION = YES;
				CLANG_WARN_INFINITE_RECURSION = YES;
				CLANG_WARN_INT_CONVERSION = YES;
				CLANG_WARN_NON_LITERAL_NULL_CONVERSION = YES;
				CLANG_WARN_OBJC_IMPLICIT_RETAIN_SELF = YES;
				CLANG_WARN_OBJC_LITERAL_CONVERSION = YES;
				CLANG_WARN_OBJC_ROOT_CLASS = YES_ERROR;
				CLANG_WARN_QUOTED_INCLUDE_IN_FRAMEWORK_HEADER = YES;
				CLANG_WARN_RANGE_LOOP_ANALYSIS = YES;
				CLANG_WARN_STRICT_PROTOTYPES = YES;
				CLANG_WARN_SUSPICIOUS_MOVE = YES;
				CLANG_WARN_UNGUARDED_AVAILABILITY = YES_AGGRESSIVE;
				CLANG_WARN_UNREACHABLE_CODE = YES;
				CLANG_WARN__DUPLICATE_METHOD_MATCH = YES;
				COPY_PHASE_STRIP = NO;
				DEBUG_INFORMATION_FORMAT = "dwarf-with-dsym";
				ENABLE_NS_ASSERTIONS = NO;
				ENABLE_STRICT_OBJC_MSGSEND = YES;
				GCC_C_LANGUAGE_STANDARD = gnu11;
				GCC_NO_COMMON_BLOCKS = YES;
				GCC_WARN_64_TO_32_BIT_CONVERSION = YES;
				GCC_WARN_ABOUT_RETURN_TYPE = YES_ERROR;
				GCC_WARN_UNDECLARED_SELECTOR = YES;
				GCC_WARN_UNINITIALIZED_AUTOS = YES_AGGRESSIVE;
				GCC_WARN_UNUSED_FUNCTION = YES;
				GCC_WARN_UNUSED_VARIABLE = YES;
				MACOSX_DEPLOYMENT_TARGET = 12.0;
				MTL_ENABLE_DEBUG_INFO = NO;
				MTL_FAST_MATH = YES;
				SDKROOT = macosx;
				SWIFT_COMPILATION_MODE = wholemodule;
				SWIFT_OPTIMIZATION_LEVEL = "-O";
			};
			name = Release;
		};
		028D532429F30BD1000A8656 /* Debug */ = {
			isa = XCBuildConfiguration;
			buildSettings = {
				CODE_SIGN_STYLE = Automatic;
				PRODUCT_NAME = "$(TARGET_NAME)";
				SWIFT_VERSION = 5.0;
			};
			name = Debug;
		};
		028D532529F30BD1000A8656 /* Release */ = {
			isa = XCBuildConfiguration;
			buildSettings = {
				CODE_SIGN_STYLE = Automatic;
				PRODUCT_NAME = "$(TARGET_NAME)";
				SWIFT_VERSION = 5.0;
			};
			name = Release;
		};
/* End XCBuildConfiguration section */

/* Begin XCConfigurationList section */
		028D531729F30BD1000A8656 /* Build configuration list for PBXProject "reka" */ = {
			isa = XCConfigurationList;
			buildConfigurations = (
				028D532129F30BD1000A8656 /* Debug */,
				028D532229F30BD1000A8656 /* Release */,
			);
			defaultConfigurationIsVisible = 0;
			defaultConfigurationName = Release;
		};
		028D532329F30BD1000A8656 /* Build configuration list for PBXNativeTarget "reka" */ = {
			isa = XCConfigurationList;
			buildConfigurations = (
				028D532429F30BD1000A8656 /* Debug */,
				028D532529F30BD1000A8656 /* Release */,
			);
			defaultConfigurationIsVisible = 0;
			defaultConfigurationName = Release;
		};
/* End XCConfigurationList section */

/* Begin XCRemoteSwiftPackageReference section */
		02C3870A29F425EE006D97D2 /* XCRemoteSwiftPackageReference "swift-argument-parser" */ = {
			isa = XCRemoteSwiftPackageReference;
			repositoryURL = "https://github.com/apple/swift-argument-parser.git";
			requirement = {
				kind = upToNextMajorVersion;
				minimumVersion = 1.0.0;
			};
		};
/* End XCRemoteSwiftPackageReference section */

/* Begin XCSwiftPackageProductDependency section */
		02C3870B29F425EE006D97D2 /* ArgumentParser */ = {
			isa = XCSwiftPackageProductDependency;
			package = 02C3870A29F425EE006D97D2 /* XCRemoteSwiftPackageReference "swift-argument-parser" */;
			productName = ArgumentParser;
		};
/* End XCSwiftPackageProductDependency section */
	};
	rootObject = 028D531429F30BD1000A8656 /* Project object */;
}
